
Microsoft Visual Studio Solution File, Format Version 12.00
# Visual Studio Version 16
VisualStudioVersion = 16.0.28803.352
MinimumVisualStudioVersion = 10.0.40219.1
Project("{FAE04EC0-301F-11D3-BF4B-00C04F79EFBC}") = "CoffeeShop", "CoffeeShop\CoffeeShop.csproj", "{D9738CA1-091F-48D7-8969-8B75DC253632}"
EndProject
Global
	GlobalSection(SolutionConfigurationPlatforms) = preSolution
		Debug|Any CPU = Debug|Any CPU
		Release|Any CPU = Release|Any CPU
	EndGlobalSection
	GlobalSection(ProjectConfigurationPlatforms) = postSolution
		{D9738CA1-091F-48D7-8969-8B75DC253632}.Debug|Any CPU.ActiveCfg = Debug|Any CPU
		{D9738CA1-091F-48D7-8969-8B75DC253632}.Debug|Any CPU.Build.0 = Debug|Any CPU
		{D9738CA1-091F-48D7-8969-8B75DC253632}.Release|Any CPU.ActiveCfg = Release|Any CPU
		{D9738CA1-091F-48D7-8969-8B75DC253632}.Release|Any CPU.Build.0 = Release|Any CPU
	EndGlobalSection
	GlobalSection(SolutionProperties) = preSolution
		HideSolutionNode = FALSE
	EndGlobalSection
	GlobalSection(ExtensibilityGlobals) = postSolution
		SolutionGuid = {EC516F76-5928-4A30-92FC-2D21713AB9A4}
	EndGlobalSection
EndGlobal
